hash: 7a2cb47ad53fb2b4c8f942e4511196f731ca822c0a6ef98e9f04a847be49488f
updated: 2017-01-31T16:24:07.453010977-06:00
imports:
- name: github.com/beorn7/perks
  version: 4c0e84591b9aa9e6dcfdf3e020114cd81f89d5f9
  subpackages:
  - quantile
- name: github.com/golang/protobuf
  version: 8ee79997227bf9b34611aee7946ae64735e6fd93
  subpackages:
  - proto
- name: github.com/matttproud/golang_protobuf_extensions
  version: c12348ce28de40eed0136aa2b644d0ee0650e56c
  subpackages:
  - pbutil
- name: github.com/prometheus/client_golang
  version: c317fb74746eac4fc65fe3909195f4cf67c5562a
  subpackages:
  - prometheus/promhttp
  - prometheus
- name: github.com/prometheus/client_model
  version: fa8ad6fec33561be4280a8f0514318c79d7f6cb6
  subpackages:
  - go
- name: github.com/prometheus/common
  version: dd2f054febf4a6c00f2343686efb775948a8bff4
  subpackages:
  - log
  - expfmt
  - model
  - internal/bitbucket.org/ww/goautoneg
- name: github.com/prometheus/procfs
  version: 1878d9fbb537119d24b21ca07effd591627cd160
- name: github.com/Sirupsen/logrus
  version: 61e43dc76f7ee59a82bdf3d71033dc12bea4c77d
- name: golang.org/x/sys
  version: d75a52659825e75fff6158388dddc6a5b04f9ba5
  subpackages:
  - windows/svc/eventlog
  - unix
  - windows
  - windows/registry
devImports: []
